
Microsoft Visual Studio Solution File, Format Version 12.00
# Visual Studio Version 16
VisualStudioVersion = 16.0.29926.136
MinimumVisualStudioVersion = 10.0.40219.1
Project("{FAE04EC0-301F-11D3-BF4B-00C04F79EFBC}") = "LCCUERJMapas", "LCCUERJMapas\LCCUERJMapas.csproj", "{144913B5-2FB1-437D-A481-2FA8952923DF}"
EndProject
Global
	GlobalSection(SolutionConfigurationPlatforms) = preSolution
		Debug|Any CPU = Debug|Any CPU
		Release|Any CPU = Release|Any CPU
	EndGlobalSection
	GlobalSection(ProjectConfigurationPlatforms) = postSolution
		{144913B5-2FB1-437D-A481-2FA8952923DF}.Debug|Any CPU.ActiveCfg = Debug|Any CPU
		{144913B5-2FB1-437D-A481-2FA8952923DF}.Debug|Any CPU.Build.0 = Debug|Any CPU
		{144913B5-2FB1-437D-A481-2FA8952923DF}.Release|Any CPU.ActiveCfg = Release|Any CPU
		{144913B5-2FB1-437D-A481-2FA8952923DF}.Release|Any CPU.Build.0 = Release|Any CPU
	EndGlobalSection
	GlobalSection(SolutionProperties) = preSolution
		HideSolutionNode = FALSE
	EndGlobalSection
	GlobalSection(ExtensibilityGlobals) = postSolution
		SolutionGuid = {C48AF5C4-C4EE-42C9-977F-D7468B6EE96C}
	EndGlobalSection
EndGlobal
